
Microsoft Visual Studio Solution File, Format Version 12.00
# Visual Studio Version 17
VisualStudioVersion = 17.5.33627.172
MinimumVisualStudioVersion = 10.0.40219.1
Project("{FAE04EC0-301F-11D3-BF4B-00C04F79EFBC}") = "Madrid.GameZone", "Madrid.GameZone\Madrid.GameZone.csproj", "{E9002E14-C73D-4BC1-A321-27A9D8022A53}"
EndProject
Global
	GlobalSection(SolutionConfigurationPlatforms) = preSolution
		Debug|Any CPU = Debug|Any CPU
		Release|Any CPU = Release|Any CPU
	EndGlobalSection
	GlobalSection(ProjectConfigurationPlatforms) = postSolution
		{E9002E14-C73D-4BC1-A321-27A9D8022A53}.Debug|Any CPU.ActiveCfg = Debug|Any CPU
		{E9002E14-C73D-4BC1-A321-27A9D8022A53}.Debug|Any CPU.Build.0 = Debug|Any CPU
		{E9002E14-C73D-4BC1-A321-27A9D8022A53}.Release|Any CPU.ActiveCfg = Release|Any CPU
		{E9002E14-C73D-4BC1-A321-27A9D8022A53}.Release|Any CPU.Build.0 = Release|Any CPU
	EndGlobalSection
	GlobalSection(SolutionProperties) = preSolution
		HideSolutionNode = FALSE
	EndGlobalSection
	GlobalSection(ExtensibilityGlobals) = postSolution
		SolutionGuid = {A3EAE6E6-AD1D-4BD3-891E-73DB2AA0F96A}
	EndGlobalSection
EndGlobal
